Microsoft Visual Studio Solution File, Format Version 12.00
# Visual Studio Version 17
VisualStudioVersion = 17.5.2.0
MinimumVisualStudioVersion = 10.0.40219.1
Project("{FAE04EC0-301F-11D3-BF4B-00C04F79EFBC}") = "Dark Requiem", "Dark Requiem.csproj", "{73DFF5DE-CEE8-78EC-B4E6-FB8A73B36B42}"
EndProject
Global
	GlobalSection(SolutionConfigurationPlatforms) = preSolution
		Debug|Any CPU = Debug|Any CPU
		Release|Any CPU = Release|Any CPU
	EndGlobalSection
	GlobalSection(ProjectConfigurationPlatforms) = postSolution
		{73DFF5DE-CEE8-78EC-B4E6-FB8A73B36B42}.Debug|Any CPU.ActiveCfg = Debug|Any CPU
		{73DFF5DE-CEE8-78EC-B4E6-FB8A73B36B42}.Debug|Any CPU.Build.0 = Debug|Any CPU
		{73DFF5DE-CEE8-78EC-B4E6-FB8A73B36B42}.Release|Any CPU.ActiveCfg = Release|Any CPU
		{73DFF5DE-CEE8-78EC-B4E6-FB8A73B36B42}.Release|Any CPU.Build.0 = Release|Any CPU
	EndGlobalSection
	GlobalSection(SolutionProperties) = preSolution
		HideSolutionNode = FALSE
	EndGlobalSection
	GlobalSection(ExtensibilityGlobals) = postSolution
		SolutionGuid = {9B90CA0C-9B92-4E05-AD96-B2D40C4CDF9A}
	EndGlobalSection
EndGlobal
